// !$*UTF8*$!
{
	archiveVersion = 1;
	classes = {
	};
	objectVersion = 56;
	objects = {

/* Begin PBXBuildFile section */
		055B22FD2BE922B900C07D66 /* AppDelegate.swift in Sources */ = {isa = PBXBuildFile; fileRef = 055B22FC2BE922B900C07D66 /* AppDelegate.swift */; };
		055B22FF2BE922B900C07D66 /* SceneDelegate.swift in Sources */ = {isa = PBXBuildFile; fileRef = 055B22FE2BE922B900C07D66 /* SceneDelegate.swift */; };
		055B23012BE922B900C07D66 /* ViewController.swift in Sources */ = {isa = PBXBuildFile; fileRef = 055B23002BE922B900C07D66 /* ViewController.swift */; };
		055B23042BE922B900C07D66 /* Base in Resources */ = {isa = PBXBuildFile; fileRef = 055B23032BE922B900C07D66 /* Base */; };
		055B23072BE922B900C07D66 /* WeatherClient.xcdatamodeld in Sources */ = {isa = PBXBuildFile; fileRef = 055B23052BE922B900C07D66 /* WeatherClient.xcdatamodeld */; };
		055B23092BE922BB00C07D66 /* Assets.xcassets in Resources */ = {isa = PBXBuildFile; fileRef = 055B23082BE922BB00C07D66 /* Assets.xcassets */; };
		055B230C2BE922BB00C07D66 /* Base in Resources */ = {isa = PBXBuildFile; fileRef = 055B230B2BE922BB00C07D66 /* Base */; };
		055B23182BE925D700C07D66 /* CoreDataService.swift in Sources */ = {isa = PBXBuildFile; fileRef = 055B23172BE925D700C07D66 /* CoreDataService.swift */; };
		055B23222BE9274D00C07D66 /* ViewController+API.swift in Sources */ = {isa = PBXBuildFile; fileRef = 055B23212BE9274D00C07D66 /* ViewController+API.swift */; };
		055B233C2BE929ED00C07D66 /* DMWeatherInfo.swift in Sources */ = {isa = PBXBuildFile; fileRef = 055B23342BE929ED00C07D66 /* DMWeatherInfo.swift */; };
		05AA72BE2BE95EE80084E08B /* CDWeatherDetails+CoreDataClass.swift in Sources */ = {isa = PBXBuildFile; fileRef = 05AA72B92BE95EE80084E08B /* CDWeatherDetails+CoreDataClass.swift */; };
		05AA72BF2BE95EE80084E08B /* CDWeatherDetails+CoreDataProperties.swift in Sources */ = {isa = PBXBuildFile; fileRef = 05AA72BA2BE95EE80084E08B /* CDWeatherDetails+CoreDataProperties.swift */; };
		05AA72C02BE95EE80084E08B /* CDWeatherInfo+CoreDataClass.swift in Sources */ = {isa = PBXBuildFile; fileRef = 05AA72BB2BE95EE80084E08B /* CDWeatherInfo+CoreDataClass.swift */; };
		05AA72C12BE95EE80084E08B /* CDWeatherInfo+CoreDataProperties.swift in Sources */ = {isa = PBXBuildFile; fileRef = 05AA72BC2BE95EE80084E08B /* CDWeatherInfo+CoreDataProperties.swift */; };
		05AA72C32BE9707A0084E08B /* ViewController+CoreData.swift in Sources */ = {isa = PBXBuildFile; fileRef = 05AA72C22BE9707A0084E08B /* ViewController+CoreData.swift */; };
		05AA72C52BE970ED0084E08B /* CoreDataService+Weather.swift in Sources */ = {isa = PBXBuildFile; fileRef = 05AA72C42BE970ED0084E08B /* CoreDataService+Weather.swift */; };
/* End PBXBuildFile section */

/* Begin PBXFileReference section */
		055B22F92BE922B900C07D66 /* WeatherClient.app */ = {isa = PBXFileReference; explicitFileType = wrapper.application; includeInIndex = 0; path = WeatherClient.app; sourceTree = BUILT_PRODUCTS_DIR; };
		055B22FC2BE922B900C07D66 /* AppDelegate.swift */ = {isa = PBXFileReference; lastKnownFileType = sourcecode.swift; path = AppDelegate.swift; sourceTree = "<group>"; };
		055B22FE2BE922B900C07D66 /* SceneDelegate.swift */ = {isa = PBXFileReference; lastKnownFileType = sourcecode.swift; path = SceneDelegate.swift; sourceTree = "<group>"; };
		055B23002BE922B900C07D66 /* ViewController.swift */ = {isa = PBXFileReference; lastKnownFileType = sourcecode.swift; path = ViewController.swift; sourceTree = "<group>"; };
		055B23032BE922B900C07D66 /* Base */ = {isa = PBXFileReference; lastKnownFileType = file.storyboard; name = Base; path = Base.lproj/Main.storyboard; sourceTree = "<group>"; };
		055B23062BE922B900C07D66 /* WeatherClient.xcdatamodel */ = {isa = PBXFileReference; lastKnownFileType = wrapper.xcdatamodel; path = WeatherClient.xcdatamodel; sourceTree = "<group>"; };
		055B23082BE922BB00C07D66 /* Assets.xcassets */ = {isa = PBXFileReference; lastKnownFileType = folder.assetcatalog; path = Assets.xcassets; sourceTree = "<group>"; };
		055B230B2BE922BB00C07D66 /* Base */ = {isa = PBXFileReference; lastKnownFileType = file.storyboard; name = Base; path = Base.lproj/LaunchScreen.storyboard; sourceTree = "<group>"; };
		055B230D2BE922BB00C07D66 /* Info.plist */ = {isa = PBXFileReference; lastKnownFileType = text.plist.xml; path = Info.plist; sourceTree = "<group>"; };
		055B23172BE925D700C07D66 /* CoreDataService.swift */ = {isa = PBXFileReference; lastKnownFileType = sourcecode.swift; path = CoreDataService.swift; sourceTree = "<group>"; };
		055B23212BE9274D00C07D66 /* ViewController+API.swift */ = {isa = PBXFileReference; lastKnownFileType = sourcecode.swift; path = "ViewController+API.swift"; sourceTree = "<group>"; };
		055B23342BE929ED00C07D66 /* DMWeatherInfo.swift */ = {isa = PBXFileReference; fileEncoding = 4; lastKnownFileType = sourcecode.swift; path = DMWeatherInfo.swift; sourceTree = "<group>"; };
		05AA72B92BE95EE80084E08B /* CDWeatherDetails+CoreDataClass.swift */ = {isa = PBXFileReference; fileEncoding = 4; lastKnownFileType = sourcecode.swift; path = "CDWeatherDetails+CoreDataClass.swift"; sourceTree = "<group>"; };
		05AA72BA2BE95EE80084E08B /* CDWeatherDetails+CoreDataProperties.swift */ = {isa = PBXFileReference; fileEncoding = 4; lastKnownFileType = sourcecode.swift; path = "CDWeatherDetails+CoreDataProperties.swift"; sourceTree = "<group>"; };
		05AA72BB2BE95EE80084E08B /* CDWeatherInfo+CoreDataClass.swift */ = {isa = PBXFileReference; fileEncoding = 4; lastKnownFileType = sourcecode.swift; path = "CDWeatherInfo+CoreDataClass.swift"; sourceTree = "<group>"; };
		05AA72BC2BE95EE80084E08B /* CDWeatherInfo+CoreDataProperties.swift */ = {isa = PBXFileReference; fileEncoding = 4; lastKnownFileType = sourcecode.swift; path = "CDWeatherInfo+CoreDataProperties.swift"; sourceTree = "<group>"; };
		05AA72C22BE9707A0084E08B /* ViewController+CoreData.swift */ = {isa = PBXFileReference; lastKnownFileType = sourcecode.swift; path = "ViewController+CoreData.swift"; sourceTree = "<group>"; };
		05AA72C42BE970ED0084E08B /* CoreDataService+Weather.swift */ = {isa = PBXFileReference; lastKnownFileType = sourcecode.swift; path = "CoreDataService+Weather.swift"; sourceTree = "<group>"; };
/* End PBXFileReference section */

/* Begin PBXFrameworksBuildPhase section */
		055B22F62BE922B900C07D66 /* Frameworks */ = {
			isa = PBXFrameworksBuildPhase;
			buildActionMask = 2147483647;
			files = (
			);
			runOnlyForDeploymentPostprocessing = 0;
		};
/* End PBXFrameworksBuildPhase section */

/* Begin PBXGroup section */
		055B22F02BE922B900C07D66 = {
			isa = PBXGroup;
			children = (
				055B22FB2BE922B900C07D66 /* WeatherClient */,
				055B22FA2BE922B900C07D66 /* Products */,
			);
			sourceTree = "<group>";
		};
		055B22FA2BE922B900C07D66 /* Products */ = {
			isa = PBXGroup;
			children = (
				055B22F92BE922B900C07D66 /* WeatherClient.app */,
			);
			name = Products;
			sourceTree = "<group>";
		};
		055B22FB2BE922B900C07D66 /* WeatherClient */ = {
			isa = PBXGroup;
			children = (
				055B23142BE9233100C07D66 /* Resource */,
				055B23132BE9232800C07D66 /* Source */,
			);
			path = WeatherClient;
			sourceTree = "<group>";
		};
		055B23132BE9232800C07D66 /* Source */ = {
			isa = PBXGroup;
			children = (
				055B23202BE926EB00C07D66 /* Screens */,
				055B233B2BE929ED00C07D66 /* Models */,
				055B23152BE925A000C07D66 /* Service */,
				055B22FE2BE922B900C07D66 /* SceneDelegate.swift */,
				055B22FC2BE922B900C07D66 /* AppDelegate.swift */,
			);
			path = Source;
			sourceTree = "<group>";
		};
		055B23142BE9233100C07D66 /* Resource */ = {
			isa = PBXGroup;
			children = (
				055B23022BE922B900C07D66 /* Main.storyboard */,
				055B23082BE922BB00C07D66 /* Assets.xcassets */,
				055B230A2BE922BB00C07D66 /* LaunchScreen.storyboard */,
				055B230D2BE922BB00C07D66 /* Info.plist */,
				055B23052BE922B900C07D66 /* WeatherClient.xcdatamodeld */,
			);
			path = Resource;
			sourceTree = "<group>";
		};
		055B23152BE925A000C07D66 /* Service */ = {
			isa = PBXGroup;
			children = (
				055B23162BE925B000C07D66 /* CoreData */,
			);
			path = Service;
			sourceTree = "<group>";
		};
		055B23162BE925B000C07D66 /* CoreData */ = {
			isa = PBXGroup;
			children = (
				055B23172BE925D700C07D66 /* CoreDataService.swift */,
				05AA72C42BE970ED0084E08B /* CoreDataService+Weather.swift */,
			);
			path = CoreData;
			sourceTree = "<group>";
		};
		055B23202BE926EB00C07D66 /* Screens */ = {
			isa = PBXGroup;
			children = (
				055B23002BE922B900C07D66 /* ViewController.swift */,
				05AA72C22BE9707A0084E08B /* ViewController+CoreData.swift */,
				055B23212BE9274D00C07D66 /* ViewController+API.swift */,
			);
			path = Screens;
			sourceTree = "<group>";
		};
		055B23352BE929ED00C07D66 /* API */ = {
			isa = PBXGroup;
			children = (
				055B23342BE929ED00C07D66 /* DMWeatherInfo.swift */,
			);
			path = API;
			sourceTree = "<group>";
		};
		055B233B2BE929ED00C07D66 /* Models */ = {
			isa = PBXGroup;
			children = (
				05AA72BD2BE95EE80084E08B /* CoreData */,
				055B23352BE929ED00C07D66 /* API */,
			);
			name = Models;
			path = WeatherClient/Source/Models;
			sourceTree = SOURCE_ROOT;
		};
		05AA72BD2BE95EE80084E08B /* CoreData */ = {
			isa = PBXGroup;
			children = (
				05AA72B92BE95EE80084E08B /* CDWeatherDetails+CoreDataClass.swift */,
				05AA72BA2BE95EE80084E08B /* CDWeatherDetails+CoreDataProperties.swift */,
				05AA72BB2BE95EE80084E08B /* CDWeatherInfo+CoreDataClass.swift */,
				05AA72BC2BE95EE80084E08B /* CDWeatherInfo+CoreDataProperties.swift */,
			);
			path = CoreData;
			sourceTree = "<group>";
		};
/* End PBXGroup section */

/* Begin PBXNativeTarget section */
		055B22F82BE922B900C07D66 /* WeatherClient */ = {
			isa = PBXNativeTarget;
			buildConfigurationList = 055B23102BE922BB00C07D66 /* Build configuration list for PBXNativeTarget "WeatherClient" */;
			buildPhases = (
				055B22F52BE922B900C07D66 /* Sources */,
				055B22F62BE922B900C07D66 /* Frameworks */,
				055B22F72BE922B900C07D66 /* Resources */,
			);
			buildRules = (
			);
			dependencies = (
			);
			name = WeatherClient;
			productName = WeatherClient;
			productReference = 055B22F92BE922B900C07D66 /* WeatherClient.app */;
			productType = "com.apple.product-type.application";
		};
/* End PBXNativeTarget section */

/* Begin PBXProject section */
		055B22F12BE922B900C07D66 /* Project object */ = {
			isa = PBXProject;
			attributes = {
				BuildIndependentTargetsInParallel = 1;
				LastSwiftUpdateCheck = 1530;
				LastUpgradeCheck = 1530;
				TargetAttributes = {
					055B22F82BE922B900C07D66 = {
						CreatedOnToolsVersion = 15.3;
					};
				};
			};
			buildConfigurationList = 055B22F42BE922B900C07D66 /* Build configuration list for PBXProject "WeatherClient" */;
			compatibilityVersion = "Xcode 14.0";
			developmentRegion = en;
			hasScannedForEncodings = 0;
			knownRegions = (
				en,
				Base,
			);
			mainGroup = 055B22F02BE922B900C07D66;
			productRefGroup = 055B22FA2BE922B900C07D66 /* Products */;
			projectDirPath = "";
			projectRoot = "";
			targets = (
				055B22F82BE922B900C07D66 /* WeatherClient */,
			);
		};
/* End PBXProject section */

/* Begin PBXResourcesBuildPhase section */
		055B22F72BE922B900C07D66 /* Resources */ = {
			isa = PBXResourcesBuildPhase;
			buildActionMask = 2147483647;
			files = (
				055B23092BE922BB00C07D66 /* Assets.xcassets in Resources */,
				055B230C2BE922BB00C07D66 /* Base in Resources */,
				055B23042BE922B900C07D66 /* Base in Resources */,
			);
			runOnlyForDeploymentPostprocessing = 0;
		};
/* End PBXResourcesBuildPhase section */

/* Begin PBXSourcesBuildPhase section */
		055B22F52BE922B900C07D66 /* Sources */ = {
			isa = PBXSourcesBuildPhase;
			buildActionMask = 2147483647;
			files = (
				055B23222BE9274D00C07D66 /* ViewController+API.swift in Sources */,
				05AA72BF2BE95EE80084E08B /* CDWeatherDetails+CoreDataProperties.swift in Sources */,
				055B23012BE922B900C07D66 /* ViewController.swift in Sources */,
				055B23072BE922B900C07D66 /* WeatherClient.xcdatamodeld in Sources */,
				055B233C2BE929ED00C07D66 /* DMWeatherInfo.swift in Sources */,
				05AA72C32BE9707A0084E08B /* ViewController+CoreData.swift in Sources */,
				05AA72C12BE95EE80084E08B /* CDWeatherInfo+CoreDataProperties.swift in Sources */,
				05AA72C02BE95EE80084E08B /* CDWeatherInfo+CoreDataClass.swift in Sources */,
				05AA72C52BE970ED0084E08B /* CoreDataService+Weather.swift in Sources */,
				05AA72BE2BE95EE80084E08B /* CDWeatherDetails+CoreDataClass.swift in Sources */,
				055B23182BE925D700C07D66 /* CoreDataService.swift in Sources */,
				055B22FD2BE922B900C07D66 /* AppDelegate.swift in Sources */,
				055B22FF2BE922B900C07D66 /* SceneDelegate.swift in Sources */,
			);
			runOnlyForDeploymentPostprocessing = 0;
		};
/* End PBXSourcesBuildPhase section */

/* Begin PBXVariantGroup section */
		055B23022BE922B900C07D66 /* Main.storyboard */ = {
			isa = PBXVariantGroup;
			children = (
				055B23032BE922B900C07D66 /* Base */,
			);
			name = Main.storyboard;
			sourceTree = "<group>";
		};
		055B230A2BE922BB00C07D66 /* LaunchScreen.storyboard */ = {
			isa = PBXVariantGroup;
			children = (
				055B230B2BE922BB00C07D66 /* Base */,
			);
			name = LaunchScreen.storyboard;
			sourceTree = "<group>";
		};
/* End PBXVariantGroup section */

/* Begin XCBuildConfiguration section */
		055B230E2BE922BB00C07D66 /* Debug */ = {
			isa = XCBuildConfiguration;
			buildSettings = {
				ALWAYS_SEARCH_USER_PATHS = NO;
				ASSETCATALOG_COMPILER_GENERATE_SWIFT_ASSET_SYMBOL_EXTENSIONS = YES;
				CLANG_ANALYZER_NONNULL = YES;
				CLANG_ANALYZER_NUMBER_OBJECT_CONVERSION = YES_AGGRESSIVE;
				CLANG_CXX_LANGUAGE_STANDARD = "gnu++20";
				CLANG_ENABLE_MODULES = YES;
				CLANG_ENABLE_OBJC_ARC = YES;
				CLANG_ENABLE_OBJC_WEAK = YES;
				CLANG_WARN_BLOCK_CAPTURE_AUTORELEASING = YES;
				CLANG_WARN_BOOL_CONVERSION = YES;
				CLANG_WARN_COMMA = YES;
				CLANG_WARN_CONSTANT_CONVERSION = YES;
				CLANG_WARN_DEPRECATED_OBJC_IMPLEMENTATIONS = YES;
				CLANG_WARN_DIRECT_OBJC_ISA_USAGE = YES_ERROR;
				CLANG_WARN_DOCUMENTATION_COMMENTS = YES;
				CLANG_WARN_EMPTY_BODY = YES;
				CLANG_WARN_ENUM_CONVERSION = YES;
				CLANG_WARN_INFINITE_RECURSION = YES;
				CLANG_WARN_INT_CONVERSION = YES;
				CLANG_WARN_NON_LITERAL_NULL_CONVERSION = YES;
				CLANG_WARN_OBJC_IMPLICIT_RETAIN_SELF = YES;
				CLANG_WARN_OBJC_LITERAL_CONVERSION = YES;
				CLANG_WARN_OBJC_ROOT_CLASS = YES_ERROR;
				CLANG_WARN_QUOTED_INCLUDE_IN_FRAMEWORK_HEADER = YES;
				CLANG_WARN_RANGE_LOOP_ANALYSIS = YES;
				CLANG_WARN_STRICT_PROTOTYPES = YES;
				CLANG_WARN_SUSPICIOUS_MOVE = YES;
				CLANG_WARN_UNGUARDED_AVAILABILITY = YES_AGGRESSIVE;
				CLANG_WARN_UNREACHABLE_CODE = YES;
				CLANG_WARN__DUPLICATE_METHOD_MATCH = YES;
				COPY_PHASE_STRIP = NO;
				DEBUG_INFORMATION_FORMAT = dwarf;
				ENABLE_STRICT_OBJC_MSGSEND = YES;
				ENABLE_TESTABILITY = YES;
				ENABLE_USER_SCRIPT_SANDBOXING = YES;
				GCC_C_LANGUAGE_STANDARD = gnu17;
				GCC_DYNAMIC_NO_PIC = NO;
				GCC_NO_COMMON_BLOCKS = YES;
				GCC_OPTIMIZATION_LEVEL = 0;
				GCC_PREPROCESSOR_DEFINITIONS = (
					"DEBUG=1",
					"$(inherited)",
				);
				GCC_WARN_64_TO_32_BIT_CONVERSION = YES;
				GCC_WARN_ABOUT_RETURN_TYPE = YES_ERROR;
				GCC_WARN_UNDECLARED_SELECTOR = YES;
				GCC_WARN_UNINITIALIZED_AUTOS = YES_AGGRESSIVE;
				GCC_WARN_UNUSED_FUNCTION = YES;
				GCC_WARN_UNUSED_VARIABLE = YES;
				IPHONEOS_DEPLOYMENT_TARGET = 17.4;
				LOCALIZATION_PREFERS_STRING_CATALOGS = YES;
				MTL_ENABLE_DEBUG_INFO = INCLUDE_SOURCE;
				MTL_FAST_MATH = YES;
				ONLY_ACTIVE_ARCH = YES;
				SDKROOT = iphoneos;
				SWIFT_ACTIVE_COMPILATION_CONDITIONS = "DEBUG $(inherited)";
				SWIFT_OPTIMIZATION_LEVEL = "-Onone";
			};
			name = Debug;
		};
		055B230F2BE922BB00C07D66 /* Release */ = {
			isa = XCBuildConfiguration;
			buildSettings = {
				ALWAYS_SEARCH_USER_PATHS = NO;
				ASSETCATALOG_COMPILER_GENERATE_SWIFT_ASSET_SYMBOL_EXTENSIONS = YES;
				CLANG_ANALYZER_NONNULL = YES;
				CLANG_ANALYZER_NUMBER_OBJECT_CONVERSION = YES_AGGRESSIVE;
				CLANG_CXX_LANGUAGE_STANDARD = "gnu++20";
				CLANG_ENABLE_MODULES = YES;
				CLANG_ENABLE_OBJC_ARC = YES;
				CLANG_ENABLE_OBJC_WEAK = YES;
				CLANG_WARN_BLOCK_CAPTURE_AUTORELEASING = YES;
				CLANG_WARN_BOOL_CONVERSION = YES;
				CLANG_WARN_COMMA = YES;
				CLANG_WARN_CONSTANT_CONVERSION = YES;
				CLANG_WARN_DEPRECATED_OBJC_IMPLEMENTATIONS = YES;
				CLANG_WARN_DIRECT_OBJC_ISA_USAGE = YES_ERROR;
				CLANG_WARN_DOCUMENTATION_COMMENTS = YES;
				CLANG_WARN_EMPTY_BODY = YES;
				CLANG_WARN_ENUM_CONVERSION = YES;
				CLANG_WARN_INFINITE_RECURSION = YES;
				CLANG_WARN_INT_CONVERSION = YES;
				CLANG_WARN_NON_LITERAL_NULL_CONVERSION = YES;
				CLANG_WARN_OBJC_IMPLICIT_RETAIN_SELF = YES;
				CLANG_WARN_OBJC_LITERAL_CONVERSION = YES;
				CLANG_WARN_OBJC_ROOT_CLASS = YES_ERROR;
				CLANG_WARN_QUOTED_INCLUDE_IN_FRAMEWORK_HEADER = YES;
				CLANG_WARN_RANGE_LOOP_ANALYSIS = YES;
				CLANG_WARN_STRICT_PROTOTYPES = YES;
				CLANG_WARN_SUSPICIOUS_MOVE = YES;
				CLANG_WARN_UNGUARDED_AVAILABILITY = YES_AGGRESSIVE;
				CLANG_WARN_UNREACHABLE_CODE = YES;
				CLANG_WARN__DUPLICATE_METHOD_MATCH = YES;
				COPY_PHASE_STRIP = NO;
				DEBUG_INFORMATION_FORMAT = "dwarf-with-dsym";
				ENABLE_NS_ASSERTIONS = NO;
				ENABLE_STRICT_OBJC_MSGSEND = YES;
				ENABLE_USER_SCRIPT_SANDBOXING = YES;
				GCC_C_LANGUAGE_STANDARD = gnu17;
				GCC_NO_COMMON_BLOCKS = YES;
				GCC_WARN_64_TO_32_BIT_CONVERSION = YES;
				GCC_WARN_ABOUT_RETURN_TYPE = YES_ERROR;
				GCC_WARN_UNDECLARED_SELECTOR = YES;
				GCC_WARN_UNINITIALIZED_AUTOS = YES_AGGRESSIVE;
				GCC_WARN_UNUSED_FUNCTION = YES;
				GCC_WARN_UNUSED_VARIABLE = YES;
				IPHONEOS_DEPLOYMENT_TARGET = 17.4;
				LOCALIZATION_PREFERS_STRING_CATALOGS = YES;
				MTL_ENABLE_DEBUG_INFO = NO;
				MTL_FAST_MATH = YES;
				SDKROOT = iphoneos;
				SWIFT_COMPILATION_MODE = wholemodule;
				VALIDATE_PRODUCT = YES;
			};
			name = Release;
		};
		055B23112BE922BB00C07D66 /* Debug */ = {
			isa = XCBuildConfiguration;
			buildSettings = {
				ASSETCATALOG_COMPILER_APPICON_NAME = AppIcon;
				ASSETCATALOG_COMPILER_GLOBAL_ACCENT_COLOR_NAME = AccentColor;
				CODE_SIGN_STYLE = Automatic;
				CURRENT_PROJECT_VERSION = 1;
				DEVELOPMENT_TEAM = 8FC554SRDM;
				GENERATE_INFOPLIST_FILE = YES;
				INFOPLIST_FILE = WeatherClient/Resource/Info.plist;
				INFOPLIST_KEY_UIApplicationSupportsIndirectInputEvents = YES;
				INFOPLIST_KEY_UILaunchStoryboardName = LaunchScreen;
				INFOPLIST_KEY_UIMainStoryboardFile = Main;
				INFOPLIST_KEY_UISupportedInterfaceOrientations_iPad = "UIInterfaceOrientationPortrait UIInterfaceOrientationPortraitUpsideDown UIInterfaceOrientationLandscapeLeft UIInterfaceOrientationLandscapeRight";
				INFOPLIST_KEY_UISupportedInterfaceOrientations_iPhone = "UIInterfaceOrientationPortrait UIInterfaceOrientationLandscapeLeft UIInterfaceOrientationLandscapeRight";
				IPHONEOS_DEPLOYMENT_TARGET = 15.0;
				LD_RUNPATH_SEARCH_PATHS = (
					"$(inherited)",
					"@executable_path/Frameworks",
				);
				MARKETING_VERSION = 1.0;
				PRODUCT_BUNDLE_IDENTIFIER = ZhukMaryna.WeatherClient;
				PRODUCT_NAME = "$(TARGET_NAME)";
				SUPPORTED_PLATFORMS = "iphoneos iphonesimulator";
				SUPPORTS_MACCATALYST = NO;
				SUPPORTS_MAC_DESIGNED_FOR_IPHONE_IPAD = NO;
				SUPPORTS_XR_DESIGNED_FOR_IPHONE_IPAD = NO;
				SWIFT_EMIT_LOC_STRINGS = YES;
				SWIFT_VERSION = 5.0;
				TARGETED_DEVICE_FAMILY = 1;
			};
			name = Debug;
		};
		055B23122BE922BB00C07D66 /* Release */ = {
			isa = XCBuildConfiguration;
			buildSettings = {
				ASSETCATALOG_COMPILER_APPICON_NAME = AppIcon;
				ASSETCATALOG_COMPILER_GLOBAL_ACCENT_COLOR_NAME = AccentColor;
				CODE_SIGN_STYLE = Automatic;
				CURRENT_PROJECT_VERSION = 1;
				DEVELOPMENT_TEAM = 8FC554SRDM;
				GENERATE_INFOPLIST_FILE = YES;
				INFOPLIST_FILE = WeatherClient/Resource/Info.plist;
				INFOPLIST_KEY_UIApplicationSupportsIndirectInputEvents = YES;
				INFOPLIST_KEY_UILaunchStoryboardName = LaunchScreen;
				INFOPLIST_KEY_UIMainStoryboardFile = Main;
				INFOPLIST_KEY_UISupportedInterfaceOrientations_iPad = "UIInterfaceOrientationPortrait UIInterfaceOrientationPortraitUpsideDown UIInterfaceOrientationLandscapeLeft UIInterfaceOrientationLandscapeRight";
				INFOPLIST_KEY_UISupportedInterfaceOrientations_iPhone = "UIInterfaceOrientationPortrait UIInterfaceOrientationLandscapeLeft UIInterfaceOrientationLandscapeRight";
				IPHONEOS_DEPLOYMENT_TARGET = 15.0;
				LD_RUNPATH_SEARCH_PATHS = (
					"$(inherited)",
					"@executable_path/Frameworks",
				);
				MARKETING_VERSION = 1.0;
				PRODUCT_BUNDLE_IDENTIFIER = ZhukMaryna.WeatherClient;
				PRODUCT_NAME = "$(TARGET_NAME)";
				SUPPORTED_PLATFORMS = "iphoneos iphonesimulator";
				SUPPORTS_MACCATALYST = NO;
				SUPPORTS_MAC_DESIGNED_FOR_IPHONE_IPAD = NO;
				SUPPORTS_XR_DESIGNED_FOR_IPHONE_IPAD = NO;
				SWIFT_EMIT_LOC_STRINGS = YES;
				SWIFT_VERSION = 5.0;
				TARGETED_DEVICE_FAMILY = 1;
			};
			name = Release;
		};
/* End XCBuildConfiguration section */

/* Begin XCConfigurationList section */
		055B22F42BE922B900C07D66 /* Build configuration list for PBXProject "WeatherClient" */ = {
			isa = XCConfigurationList;
			buildConfigurations = (
				055B230E2BE922BB00C07D66 /* Debug */,
				055B230F2BE922BB00C07D66 /* Release */,
			);
			defaultConfigurationIsVisible = 0;
			defaultConfigurationName = Release;
		};
		055B23102BE922BB00C07D66 /* Build configuration list for PBXNativeTarget "WeatherClient" */ = {
			isa = XCConfigurationList;
			buildConfigurations = (
				055B23112BE922BB00C07D66 /* Debug */,
				055B23122BE922BB00C07D66 /* Release */,
			);
			defaultConfigurationIsVisible = 0;
			defaultConfigurationName = Release;
		};
/* End XCConfigurationList section */

/* Begin XCVersionGroup section */
		055B23052BE922B900C07D66 /* WeatherClient.xcdatamodeld */ = {
			isa = XCVersionGroup;
			children = (
				055B23062BE922B900C07D66 /* WeatherClient.xcdatamodel */,
			);
			currentVersion = 055B23062BE922B900C07D66 /* WeatherClient.xcdatamodel */;
			path = WeatherClient.xcdatamodeld;
			sourceTree = "<group>";
			versionGroupType = wrapper.xcdatamodel;
		};
/* End XCVersionGroup section */
	};
	rootObject = 055B22F12BE922B900C07D66 /* Project object */;
}
